
Microsoft Visual Studio Solution File, Format Version 12.00
# Visual Studio Version 16
VisualStudioVersion = 16.0.30621.155
MinimumVisualStudioVersion = 10.0.40219.1
Project("{FAE04EC0-301F-11D3-BF4B-00C04F79EFBC}") = "ConsoleApp6", "ConsoleApp6.csproj", "{594DA65A-786F-4A15-8A32-7CDE9F9DB9C6}"
EndProject
Global
	GlobalSection(SolutionConfigurationPlatforms) = preSolution
		Debug|Any CPU = Debug|Any CPU
		Release|Any CPU = Release|Any CPU
	EndGlobalSection
	GlobalSection(ProjectConfigurationPlatforms) = postSolution
		{594DA65A-786F-4A15-8A32-7CDE9F9DB9C6}.Debug|Any CPU.ActiveCfg = Debug|Any CPU
		{594DA65A-786F-4A15-8A32-7CDE9F9DB9C6}.Debug|Any CPU.Build.0 = Debug|Any CPU
		{594DA65A-786F-4A15-8A32-7CDE9F9DB9C6}.Release|Any CPU.ActiveCfg = Release|Any CPU
		{594DA65A-786F-4A15-8A32-7CDE9F9DB9C6}.Release|Any CPU.Build.0 = Release|Any CPU
	EndGlobalSection
	GlobalSection(SolutionProperties) = preSolution
		HideSolutionNode = FALSE
	EndGlobalSection
	GlobalSection(ExtensibilityGlobals) = postSolution
		SolutionGuid = {EA623506-6A1C-421D-B578-2BE050D3E603}
	EndGlobalSection
EndGlobal
