
Microsoft Visual Studio Solution File, Format Version 12.00
# Visual Studio Version 16
VisualStudioVersion = 16.0.30621.155
MinimumVisualStudioVersion = 10.0.40219.1
Project("{FAE04EC0-301F-11D3-BF4B-00C04F79EFBC}") = "WindowsFormsApp18", "WindowsFormsApp18.csproj", "{D14AA9E6-10DC-4BC3-A3CA-ACEB70152ED4}"
EndProject
Global
	GlobalSection(SolutionConfigurationPlatforms) = preSolution
		Debug|Any CPU = Debug|Any CPU
		Release|Any CPU = Release|Any CPU
	EndGlobalSection
	GlobalSection(ProjectConfigurationPlatforms) = postSolution
		{D14AA9E6-10DC-4BC3-A3CA-ACEB70152ED4}.Debug|Any CPU.ActiveCfg = Debug|Any CPU
		{D14AA9E6-10DC-4BC3-A3CA-ACEB70152ED4}.Debug|Any CPU.Build.0 = Debug|Any CPU
		{D14AA9E6-10DC-4BC3-A3CA-ACEB70152ED4}.Release|Any CPU.ActiveCfg = Release|Any CPU
		{D14AA9E6-10DC-4BC3-A3CA-ACEB70152ED4}.Release|Any CPU.Build.0 = Release|Any CPU
	EndGlobalSection
	GlobalSection(SolutionProperties) = preSolution
		HideSolutionNode = FALSE
	EndGlobalSection
	GlobalSection(ExtensibilityGlobals) = postSolution
		SolutionGuid = {713728AF-32E3-4353-A0C6-BE432EE5B0BD}
	EndGlobalSection
EndGlobal
