
Microsoft Visual Studio Solution File, Format Version 12.00
# Visual Studio Version 16
VisualStudioVersion = 16.0.30717.126
MinimumVisualStudioVersion = 10.0.40219.1
Project("{FAE04EC0-301F-11D3-BF4B-00C04F79EFBC}") = "EFCoreCodeFirst", "EFCoreCodeFirst\EFCoreCodeFirst.csproj", "{2B554231-429C-4812-9651-4809C8159B82}"
EndProject
Global
	GlobalSection(SolutionConfigurationPlatforms) = preSolution
		Debug|Any CPU = Debug|Any CPU
		Release|Any CPU = Release|Any CPU
	EndGlobalSection
	GlobalSection(ProjectConfigurationPlatforms) = postSolution
		{2B554231-429C-4812-9651-4809C8159B82}.Debug|Any CPU.ActiveCfg = Debug|Any CPU
		{2B554231-429C-4812-9651-4809C8159B82}.Debug|Any CPU.Build.0 = Debug|Any CPU
		{2B554231-429C-4812-9651-4809C8159B82}.Release|Any CPU.ActiveCfg = Release|Any CPU
		{2B554231-429C-4812-9651-4809C8159B82}.Release|Any CPU.Build.0 = Release|Any CPU
	EndGlobalSection
	GlobalSection(SolutionProperties) = preSolution
		HideSolutionNode = FALSE
	EndGlobalSection
	GlobalSection(ExtensibilityGlobals) = postSolution
		SolutionGuid = {B8BC1CA4-2065-453C-A552-0353BECC92A7}
	EndGlobalSection
EndGlobal
